
Microsoft Visual Studio Solution File, Format Version 12.00
# Visual Studio Version 17
VisualStudioVersion = 17.0.31903.59
MinimumVisualStudioVersion = 10.0.40219.1
Project("{2150E333-8FDC-42A3-9474-1A3956D46DE8}") = "src", "src", "{827E0CD3-B72D-47B6-A68D-7590B98EB39B}"
EndProject
Project("{FAE04EC0-301F-11D3-BF4B-00C04F79EFBC}") = "CronCaps.Domain", "src\CronCaps.Domain\CronCaps.Domain.csproj", "{4D7B8082-332D-417A-819B-28F07499A6AA}"
EndProject
Project("{FAE04EC0-301F-11D3-BF4B-00C04F79EFBC}") = "CronCaps.Application", "src\CronCaps.Application\CronCaps.Application.csproj", "{204ED7C6-BED3-466F-B135-028AC868D28E}"
EndProject
Project("{FAE04EC0-301F-11D3-BF4B-00C04F79EFBC}") = "CronCaps.Infrastructure", "src\CronCaps.Infrastructure\CronCaps.Infrastructure.csproj", "{0E898C5D-EAB1-4565-9375-BBEE687A2717}"
EndProject
Project("{FAE04EC0-301F-11D3-BF4B-00C04F79EFBC}") = "CronCaps.API", "src\CronCaps.API\CronCaps.API.csproj", "{E70D57E4-5142-40F4-8C61-9B73E78182A0}"
EndProject
Project("{FAE04EC0-301F-11D3-BF4B-00C04F79EFBC}") = "CronCaps.BackgroundServices", "src\CronCaps.BackgroundServices\CronCaps.BackgroundServices.csproj", "{901C41C6-AA84-417B-BAF3-9D81863A46F7}"
EndProject
Project("{2150E333-8FDC-42A3-9474-1A3956D46DE8}") = "tests", "tests", "{0AB3BF05-4346-4AA6-1389-037BE0695223}"
EndProject
Project("{FAE04EC0-301F-11D3-BF4B-00C04F79EFBC}") = "CronCaps.Domain.Tests", "tests\CronCaps.Domain.Tests\CronCaps.Domain.Tests.csproj", "{F85E2AF6-D29D-42C8-9F70-6702DF9C45F5}"
EndProject
Project("{FAE04EC0-301F-11D3-BF4B-00C04F79EFBC}") = "CronCaps.Application.Tests", "tests\CronCaps.Application.Tests\CronCaps.Application.Tests.csproj", "{2E468836-F0C7-4C63-A553-EB99686E68F2}"
EndProject
Project("{FAE04EC0-301F-11D3-BF4B-00C04F79EFBC}") = "CronCaps.Integration.Tests", "tests\CronCaps.Integration.Tests\CronCaps.Integration.Tests.csproj", "{3CE8F784-AD0C-4E41-AA61-242F3D8B9569}"
EndProject
Global
	GlobalSection(SolutionConfigurationPlatforms) = preSolution
		Debug|Any CPU = Debug|Any CPU
		Debug|x64 = Debug|x64
		Debug|x86 = Debug|x86
		Release|Any CPU = Release|Any CPU
		Release|x64 = Release|x64
		Release|x86 = Release|x86
	EndGlobalSection
	GlobalSection(ProjectConfigurationPlatforms) = postSolution
		{4D7B8082-332D-417A-819B-28F07499A6AA}.Debug|Any CPU.ActiveCfg = Debug|Any CPU
		{4D7B8082-332D-417A-819B-28F07499A6AA}.Debug|Any CPU.Build.0 = Debug|Any CPU
		{4D7B8082-332D-417A-819B-28F07499A6AA}.Debug|x64.ActiveCfg = Debug|Any CPU
		{4D7B8082-332D-417A-819B-28F07499A6AA}.Debug|x64.Build.0 = Debug|Any CPU
		{4D7B8082-332D-417A-819B-28F07499A6AA}.Debug|x86.ActiveCfg = Debug|Any CPU
		{4D7B8082-332D-417A-819B-28F07499A6AA}.Debug|x86.Build.0 = Debug|Any CPU
		{4D7B8082-332D-417A-819B-28F07499A6AA}.Release|Any CPU.ActiveCfg = Release|Any CPU
		{4D7B8082-332D-417A-819B-28F07499A6AA}.Release|Any CPU.Build.0 = Release|Any CPU
		{4D7B8082-332D-417A-819B-28F07499A6AA}.Release|x64.ActiveCfg = Release|Any CPU
		{4D7B8082-332D-417A-819B-28F07499A6AA}.Release|x64.Build.0 = Release|Any CPU
		{4D7B8082-332D-417A-819B-28F07499A6AA}.Release|x86.ActiveCfg = Release|Any CPU
		{4D7B8082-332D-417A-819B-28F07499A6AA}.Release|x86.Build.0 = Release|Any CPU
		{204ED7C6-BED3-466F-B135-028AC868D28E}.Debug|Any CPU.ActiveCfg = Debug|Any CPU
		{204ED7C6-BED3-466F-B135-028AC868D28E}.Debug|Any CPU.Build.0 = Debug|Any CPU
		{204ED7C6-BED3-466F-B135-028AC868D28E}.Debug|x64.ActiveCfg = Debug|Any CPU
		{204ED7C6-BED3-466F-B135-028AC868D28E}.Debug|x64.Build.0 = Debug|Any CPU
		{204ED7C6-BED3-466F-B135-028AC868D28E}.Debug|x86.ActiveCfg = Debug|Any CPU
		{204ED7C6-BED3-466F-B135-028AC868D28E}.Debug|x86.Build.0 = Debug|Any CPU
		{204ED7C6-BED3-466F-B135-028AC868D28E}.Release|Any CPU.ActiveCfg = Release|Any CPU
		{204ED7C6-BED3-466F-B135-028AC868D28E}.Release|Any CPU.Build.0 = Release|Any CPU
		{204ED7C6-BED3-466F-B135-028AC868D28E}.Release|x64.ActiveCfg = Release|Any CPU
		{204ED7C6-BED3-466F-B135-028AC868D28E}.Release|x64.Build.0 = Release|Any CPU
		{204ED7C6-BED3-466F-B135-028AC868D28E}.Release|x86.ActiveCfg = Release|Any CPU
		{204ED7C6-BED3-466F-B135-028AC868D28E}.Release|x86.Build.0 = Release|Any CPU
		{0E898C5D-EAB1-4565-9375-BBEE687A2717}.Debug|Any CPU.ActiveCfg = Debug|Any CPU
		{0E898C5D-EAB1-4565-9375-BBEE687A2717}.Debug|Any CPU.Build.0 = Debug|Any CPU
		{0E898C5D-EAB1-4565-9375-BBEE687A2717}.Debug|x64.ActiveCfg = Debug|Any CPU
		{0E898C5D-EAB1-4565-9375-BBEE687A2717}.Debug|x64.Build.0 = Debug|Any CPU
		{0E898C5D-EAB1-4565-9375-BBEE687A2717}.Debug|x86.ActiveCfg = Debug|Any CPU
		{0E898C5D-EAB1-4565-9375-BBEE687A2717}.Debug|x86.Build.0 = Debug|Any CPU
		{0E898C5D-EAB1-4565-9375-BBEE687A2717}.Release|Any CPU.ActiveCfg = Release|Any CPU
		{0E898C5D-EAB1-4565-9375-BBEE687A2717}.Release|Any CPU.Build.0 = Release|Any CPU
		{0E898C5D-EAB1-4565-9375-BBEE687A2717}.Release|x64.ActiveCfg = Release|Any CPU
		{0E898C5D-EAB1-4565-9375-BBEE687A2717}.Release|x64.Build.0 = Release|Any CPU
		{0E898C5D-EAB1-4565-9375-BBEE687A2717}.Release|x86.ActiveCfg = Release|Any CPU
		{0E898C5D-EAB1-4565-9375-BBEE687A2717}.Release|x86.Build.0 = Release|Any CPU
		{E70D57E4-5142-40F4-8C61-9B73E78182A0}.Debug|Any CPU.ActiveCfg = Debug|Any CPU
		{E70D57E4-5142-40F4-8C61-9B73E78182A0}.Debug|Any CPU.Build.0 = Debug|Any CPU
		{E70D57E4-5142-40F4-8C61-9B73E78182A0}.Debug|x64.ActiveCfg = Debug|Any CPU
		{E70D57E4-5142-40F4-8C61-9B73E78182A0}.Debug|x64.Build.0 = Debug|Any CPU
		{E70D57E4-5142-40F4-8C61-9B73E78182A0}.Debug|x86.ActiveCfg = Debug|Any CPU
		{E70D57E4-5142-40F4-8C61-9B73E78182A0}.Debug|x86.Build.0 = Debug|Any CPU
		{E70D57E4-5142-40F4-8C61-9B73E78182A0}.Release|Any CPU.ActiveCfg = Release|Any CPU
		{E70D57E4-5142-40F4-8C61-9B73E78182A0}.Release|Any CPU.Build.0 = Release|Any CPU
		{E70D57E4-5142-40F4-8C61-9B73E78182A0}.Release|x64.ActiveCfg = Release|Any CPU
		{E70D57E4-5142-40F4-8C61-9B73E78182A0}.Release|x64.Build.0 = Release|Any CPU
		{E70D57E4-5142-40F4-8C61-9B73E78182A0}.Release|x86.ActiveCfg = Release|Any CPU
		{E70D57E4-5142-40F4-8C61-9B73E78182A0}.Release|x86.Build.0 = Release|Any CPU
		{901C41C6-AA84-417B-BAF3-9D81863A46F7}.Debug|Any CPU.ActiveCfg = Debug|Any CPU
		{901C41C6-AA84-417B-BAF3-9D81863A46F7}.Debug|Any CPU.Build.0 = Debug|Any CPU
		{901C41C6-AA84-417B-BAF3-9D81863A46F7}.Debug|x64.ActiveCfg = Debug|Any CPU
		{901C41C6-AA84-417B-BAF3-9D81863A46F7}.Debug|x64.Build.0 = Debug|Any CPU
		{901C41C6-AA84-417B-BAF3-9D81863A46F7}.Debug|x86.ActiveCfg = Debug|Any CPU
		{901C41C6-AA84-417B-BAF3-9D81863A46F7}.Debug|x86.Build.0 = Debug|Any CPU
		{901C41C6-AA84-417B-BAF3-9D81863A46F7}.Release|Any CPU.ActiveCfg = Release|Any CPU
		{901C41C6-AA84-417B-BAF3-9D81863A46F7}.Release|Any CPU.Build.0 = Release|Any CPU
		{901C41C6-AA84-417B-BAF3-9D81863A46F7}.Release|x64.ActiveCfg = Release|Any CPU
		{901C41C6-AA84-417B-BAF3-9D81863A46F7}.Release|x64.Build.0 = Release|Any CPU
		{901C41C6-AA84-417B-BAF3-9D81863A46F7}.Release|x86.ActiveCfg = Release|Any CPU
		{901C41C6-AA84-417B-BAF3-9D81863A46F7}.Release|x86.Build.0 = Release|Any CPU
		{F85E2AF6-D29D-42C8-9F70-6702DF9C45F5}.Debug|Any CPU.ActiveCfg = Debug|Any CPU
		{F85E2AF6-D29D-42C8-9F70-6702DF9C45F5}.Debug|Any CPU.Build.0 = Debug|Any CPU
		{F85E2AF6-D29D-42C8-9F70-6702DF9C45F5}.Debug|x64.ActiveCfg = Debug|Any CPU
		{F85E2AF6-D29D-42C8-9F70-6702DF9C45F5}.Debug|x64.Build.0 = Debug|Any CPU
		{F85E2AF6-D29D-42C8-9F70-6702DF9C45F5}.Debug|x86.ActiveCfg = Debug|Any CPU
		{F85E2AF6-D29D-42C8-9F70-6702DF9C45F5}.Debug|x86.Build.0 = Debug|Any CPU
		{F85E2AF6-D29D-42C8-9F70-6702DF9C45F5}.Release|Any CPU.ActiveCfg = Release|Any CPU
		{F85E2AF6-D29D-42C8-9F70-6702DF9C45F5}.Release|Any CPU.Build.0 = Release|Any CPU
		{F85E2AF6-D29D-42C8-9F70-6702DF9C45F5}.Release|x64.ActiveCfg = Release|Any CPU
		{F85E2AF6-D29D-42C8-9F70-6702DF9C45F5}.Release|x64.Build.0 = Release|Any CPU
		{F85E2AF6-D29D-42C8-9F70-6702DF9C45F5}.Release|x86.ActiveCfg = Release|Any CPU
		{F85E2AF6-D29D-42C8-9F70-6702DF9C45F5}.Release|x86.Build.0 = Release|Any CPU
		{2E468836-F0C7-4C63-A553-EB99686E68F2}.Debug|Any CPU.ActiveCfg = Debug|Any CPU
		{2E468836-F0C7-4C63-A553-EB99686E68F2}.Debug|Any CPU.Build.0 = Debug|Any CPU
		{2E468836-F0C7-4C63-A553-EB99686E68F2}.Debug|x64.ActiveCfg = Debug|Any CPU
		{2E468836-F0C7-4C63-A553-EB99686E68F2}.Debug|x64.Build.0 = Debug|Any CPU
		{2E468836-F0C7-4C63-A553-EB99686E68F2}.Debug|x86.ActiveCfg = Debug|Any CPU
		{2E468836-F0C7-4C63-A553-EB99686E68F2}.Debug|x86.Build.0 = Debug|Any CPU
		{2E468836-F0C7-4C63-A553-EB99686E68F2}.Release|Any CPU.ActiveCfg = Release|Any CPU
		{2E468836-F0C7-4C63-A553-EB99686E68F2}.Release|Any CPU.Build.0 = Release|Any CPU
		{2E468836-F0C7-4C63-A553-EB99686E68F2}.Release|x64.ActiveCfg = Release|Any CPU
		{2E468836-F0C7-4C63-A553-EB99686E68F2}.Release|x64.Build.0 = Release|Any CPU
		{2E468836-F0C7-4C63-A553-EB99686E68F2}.Release|x86.ActiveCfg = Release|Any CPU
		{2E468836-F0C7-4C63-A553-EB99686E68F2}.Release|x86.Build.0 = Release|Any CPU
		{3CE8F784-AD0C-4E41-AA61-242F3D8B9569}.Debug|Any CPU.ActiveCfg = Debug|Any CPU
		{3CE8F784-AD0C-4E41-AA61-242F3D8B9569}.Debug|Any CPU.Build.0 = Debug|Any CPU
		{3CE8F784-AD0C-4E41-AA61-242F3D8B9569}.Debug|x64.ActiveCfg = Debug|Any CPU
		{3CE8F784-AD0C-4E41-AA61-242F3D8B9569}.Debug|x64.Build.0 = Debug|Any CPU
		{3CE8F784-AD0C-4E41-AA61-242F3D8B9569}.Debug|x86.ActiveCfg = Debug|Any CPU
		{3CE8F784-AD0C-4E41-AA61-242F3D8B9569}.Debug|x86.Build.0 = Debug|Any CPU
		{3CE8F784-AD0C-4E41-AA61-242F3D8B9569}.Release|Any CPU.ActiveCfg = Release|Any CPU
		{3CE8F784-AD0C-4E41-AA61-242F3D8B9569}.Release|Any CPU.Build.0 = Release|Any CPU
		{3CE8F784-AD0C-4E41-AA61-242F3D8B9569}.Release|x64.ActiveCfg = Release|Any CPU
		{3CE8F784-AD0C-4E41-AA61-242F3D8B9569}.Release|x64.Build.0 = Release|Any CPU
		{3CE8F784-AD0C-4E41-AA61-242F3D8B9569}.Release|x86.ActiveCfg = Release|Any CPU
		{3CE8F784-AD0C-4E41-AA61-242F3D8B9569}.Release|x86.Build.0 = Release|Any CPU
	EndGlobalSection
	GlobalSection(SolutionProperties) = preSolution
		HideSolutionNode = FALSE
	EndGlobalSection
	GlobalSection(NestedProjects) = preSolution
		{4D7B8082-332D-417A-819B-28F07499A6AA} = {827E0CD3-B72D-47B6-A68D-7590B98EB39B}
		{204ED7C6-BED3-466F-B135-028AC868D28E} = {827E0CD3-B72D-47B6-A68D-7590B98EB39B}
		{0E898C5D-EAB1-4565-9375-BBEE687A2717} = {827E0CD3-B72D-47B6-A68D-7590B98EB39B}
		{E70D57E4-5142-40F4-8C61-9B73E78182A0} = {827E0CD3-B72D-47B6-A68D-7590B98EB39B}
		{901C41C6-AA84-417B-BAF3-9D81863A46F7} = {827E0CD3-B72D-47B6-A68D-7590B98EB39B}
		{F85E2AF6-D29D-42C8-9F70-6702DF9C45F5} = {0AB3BF05-4346-4AA6-1389-037BE0695223}
		{2E468836-F0C7-4C63-A553-EB99686E68F2} = {0AB3BF05-4346-4AA6-1389-037BE0695223}
		{3CE8F784-AD0C-4E41-AA61-242F3D8B9569} = {0AB3BF05-4346-4AA6-1389-037BE0695223}
	EndGlobalSection
EndGlobal
